
Microsoft Visual Studio Solution File, Format Version 12.00
# Visual Studio Version 16
VisualStudioVersion = 16.0.31321.278
MinimumVisualStudioVersion = 10.0.40219.1
Project("{FAE04EC0-301F-11D3-BF4B-00C04F79EFBC}") = "CommonClassLibrary", "CommonClassLibrary\CommonClassLibrary.csproj", "{4758BBAE-F4B7-4F82-891C-36BCE36DE406}"
EndProject
Project("{FAE04EC0-301F-11D3-BF4B-00C04F79EFBC}") = "AirConData", "AirConData\AirConData.csproj", "{4C3DF56A-5671-45D8-97CF-F290282BDCE5}"
EndProject
Project("{FAE04EC0-301F-11D3-BF4B-00C04F79EFBC}") = "THPData", "THPData\THPData.csproj", "{ADD6360B-E7C2-42B2-8455-E2899B1024BC}"
EndProject
Global
	GlobalSection(SolutionConfigurationPlatforms) = preSolution
		Debug|Any CPU = Debug|Any CPU
		Release|Any CPU = Release|Any CPU
	EndGlobalSection
	GlobalSection(ProjectConfigurationPlatforms) = postSolution
		{4758BBAE-F4B7-4F82-891C-36BCE36DE406}.Debug|Any CPU.ActiveCfg = Debug|Any CPU
		{4758BBAE-F4B7-4F82-891C-36BCE36DE406}.Debug|Any CPU.Build.0 = Debug|Any CPU
		{4758BBAE-F4B7-4F82-891C-36BCE36DE406}.Release|Any CPU.ActiveCfg = Release|Any CPU
		{4758BBAE-F4B7-4F82-891C-36BCE36DE406}.Release|Any CPU.Build.0 = Release|Any CPU
		{4C3DF56A-5671-45D8-97CF-F290282BDCE5}.Debug|Any CPU.ActiveCfg = Debug|Any CPU
		{4C3DF56A-5671-45D8-97CF-F290282BDCE5}.Debug|Any CPU.Build.0 = Debug|Any CPU
		{4C3DF56A-5671-45D8-97CF-F290282BDCE5}.Release|Any CPU.ActiveCfg = Release|Any CPU
		{4C3DF56A-5671-45D8-97CF-F290282BDCE5}.Release|Any CPU.Build.0 = Release|Any CPU
		{ADD6360B-E7C2-42B2-8455-E2899B1024BC}.Debug|Any CPU.ActiveCfg = Debug|Any CPU
		{ADD6360B-E7C2-42B2-8455-E2899B1024BC}.Debug|Any CPU.Build.0 = Debug|Any CPU
		{ADD6360B-E7C2-42B2-8455-E2899B1024BC}.Release|Any CPU.ActiveCfg = Release|Any CPU
		{ADD6360B-E7C2-42B2-8455-E2899B1024BC}.Release|Any CPU.Build.0 = Release|Any CPU
	EndGlobalSection
	GlobalSection(SolutionProperties) = preSolution
		HideSolutionNode = FALSE
	EndGlobalSection
	GlobalSection(ExtensibilityGlobals) = postSolution
		SolutionGuid = {0619AC06-71CE-470E-84BE-552236C89D87}
	EndGlobalSection
EndGlobal
