
Microsoft Visual Studio Solution File, Format Version 12.00
# Visual Studio Version 16
VisualStudioVersion = 16.0.31321.278
MinimumVisualStudioVersion = 10.0.40219.1
Project("{FAE04EC0-301F-11D3-BF4B-00C04F79EFBC}") = "DataCollectorApplication", "DataCollectorApplication.csproj", "{4C3DF56A-5671-45D8-97CF-F290282BDCE5}"
EndProject
Project("{FAE04EC0-301F-11D3-BF4B-00C04F79EFBC}") = "ParticleDataCollector", "..\ParticleDataCollector\ParticleDataCollector.csproj", "{D3BD17AE-8948-4090-B819-63A8ADD0C6BF}"
EndProject
Global
	GlobalSection(SolutionConfigurationPlatforms) = preSolution
		Debug|Any CPU = Debug|Any CPU
		Release|Any CPU = Release|Any CPU
	EndGlobalSection
	GlobalSection(ProjectConfigurationPlatforms) = postSolution
		{4C3DF56A-5671-45D8-97CF-F290282BDCE5}.Debug|Any CPU.ActiveCfg = Debug|Any CPU
		{4C3DF56A-5671-45D8-97CF-F290282BDCE5}.Debug|Any CPU.Build.0 = Debug|Any CPU
		{4C3DF56A-5671-45D8-97CF-F290282BDCE5}.Release|Any CPU.ActiveCfg = Release|Any CPU
		{4C3DF56A-5671-45D8-97CF-F290282BDCE5}.Release|Any CPU.Build.0 = Release|Any CPU
		{D3BD17AE-8948-4090-B819-63A8ADD0C6BF}.Debug|Any CPU.ActiveCfg = Debug|Any CPU
		{D3BD17AE-8948-4090-B819-63A8ADD0C6BF}.Debug|Any CPU.Build.0 = Debug|Any CPU
		{D3BD17AE-8948-4090-B819-63A8ADD0C6BF}.Release|Any CPU.ActiveCfg = Release|Any CPU
		{D3BD17AE-8948-4090-B819-63A8ADD0C6BF}.Release|Any CPU.Build.0 = Release|Any CPU
	EndGlobalSection
	GlobalSection(SolutionProperties) = preSolution
		HideSolutionNode = FALSE
	EndGlobalSection
	GlobalSection(ExtensibilityGlobals) = postSolution
		SolutionGuid = {0619AC06-71CE-470E-84BE-552236C89D87}
	EndGlobalSection
EndGlobal
